# THIS IS AN AUTOGENERATED FILE. DO NOT EDIT THIS FILE DIRECTLY.
# yarn lockfile v1


weui-miniprogram@^0.2.1:
  version "0.2.1"
  resolved "https://registry.npm.taobao.org/weui-miniprogram/download/weui-miniprogram-0.2.1.tgz#419c09d3c0043854cbdcdd411727bbea814cdf48"
  integrity sha1-QZwJ08AEOFTL3N1BFye76oFM30g=
